{
    "_meta": {
        "hash": {
            "sha256": "5be7a781060ab3a1aca4147b30458ea36c779b5540c57cfff0338df212a7b7d9"
        },
        "pipfile-spec": 6,
        "requires": {
            "python_version": "3.14"
        },
        "sources": [
            {
                "name": "pypi",
                "url": "https://pypi.org/simple",
                "verify_ssl": true
            }
        ]
    },
    "default": {
        "asgiref": {
            "hashes": [
                "sha256:5f184dc43b7e763efe848065441eac62229c9f7b0475f41f80e207a114eda4ce",
                "sha256:e8667a091e69529631969fd45dc268fa79b99c92c5fcdda727757e52146ec133"
            ],
            "markers": "python_version >= '3.9'",
            "version": "==3.11.1"
        },
        "django": {
            "hashes": [
                "sha256:9d58a7cb49244e74c8e161d5e403a46d6209f1009ba40f5a66d6aa0d0786a8f0",
                "sha256:bc6d6872e98a2864c836e42edd644b362db311147dd5aa8d5b82ba7a032f5269"
            ],
            "index": "pypi",
            "markers": "python_version >= '3.12'",
            "version": "==6.0.5"
        },
        "django-debug-toolbar": {
            "hashes": [
                "sha256:a199ce3d0f884739a9096835ad417479fede05f3b3c4824bc8b354721ba8f629",
                "sha256:f830a86fe02e17f625a22cfbed24a5bd1500762e201ec959c50efb0f9327282b"
            ],
            "index": "pypi",
            "markers": "python_version >= '3.10'",
            "version": "==6.3.0"
        },
        "django-stubs": {
            "hashes": [
                "sha256:7aee77e8de9c14c0d9cf84988befe826d93cbc15a87e0ade2943f14d553451cf",
                "sha256:e991c68f77239663577a5f4fc75e99c84f867f378cafc97cbf4acc5aff378279"
            ],
            "index": "pypi",
            "markers": "python_version >= '3.10'",
            "version": "==6.0.4"
        },
        "django-stubs-ext": {
            "hashes": [
                "sha256:0434a912bb08a370afcac9e90305c53e6f4eed3c1d1d46962559da5f8dbb8f27",
                "sha256:ff21f7b4362928b56e18cda0595f296e33c665f3019f4e3e4231977385e76cac"
            ],
            "markers": "python_version >= '3.10'",
            "version": "==6.0.4"
        },
        "sqlparse": {
            "hashes": [
                "sha256:12a08b3bf3eec877c519589833aed092e2444e68240a3577e8e26148acc7b1ba",
                "sha256:e20d4a9b0b8585fdf63b10d30066c7c94c5d7a7ec47c889a2d83a3caa93ff28e"
            ],
            "markers": "python_version >= '3.8'",
            "version": "==0.5.5"
        },
        "types-pyyaml": {
            "hashes": [
                "sha256:09c1f1cb65a6eebea1e2e51ccf4918b8288e152909609a35cdb0d805efd125ad",
                "sha256:3492eb9ba4d9d833473214c4d5736cccf5f37d93f5854059721e1c84f785309d"
            ],
            "markers": "python_version >= '3.10'",
            "version": "==6.0.12.20260510"
        },
        "typing-extensions": {
            "hashes": [
                "sha256:0cea48d173cc12fa28ecabc3b837ea3cf6f38c6d1136f85cbaaf598984861466",
                "sha256:f0fa19c6845758ab08074a0cfa8b7aecb71c999ca73d62883bc25cc018c4e548"
            ],
            "markers": "python_version >= '3.9'",
            "version": "==4.15.0"
        }
    },
    "develop": {}
}
